// !$*UTF8*$!
{
	archiveVersion = 1;
	classes = {
	};
	objectVersion = 110;
	objects = {

/* Begin PBXContainerItemProxy section */
		DE8DD058306F9D8D003FAB52 /* PBXContainerItemProxy */ = {
			isa = PBXContainerItemProxy;
			containerPortal = DE8DD042306F9D8C003FAB52 /* Project object */;
			proxyType = 1;
			remoteGlobalIDString = DE8DD049306F9D8C003FAB52;
			remoteInfo = PolyFeed;
		};
		DE8DD062306F9D8D003FAB52 /* PBXContainerItemProxy */ = {
			isa = PBXContainerItemProxy;
			containerPortal = DE8DD042306F9D8C003FAB52 /* Project object */;
			proxyType = 1;
			remoteGlobalIDString = DE8DD049306F9D8C003FAB52;
			remoteInfo = PolyFeed;
		};
/* End PBXContainerItemProxy section */

/* Begin PBXFileReference section */
		DE8DD04A306F9D8C003FAB52 /* PolyFeed.app */ = {isa = PBXFileReference; explicitFileType = wrapper.application; includeInIndex = 0; path = PolyFeed.app; sourceTree = BUILT_PRODUCTS_DIR; };
		DE8DD057306F9D8D003FAB52 /* PolyFeedTests.xctest */ = {isa = PBXFileReference; explicitFileType = wrapper.cfbundle; includeInIndex = 0; path = PolyFeedTests.xctest; sourceTree = BUILT_PRODUCTS_DIR; };
		DE8DD061306F9D8D003FAB52 /* PolyFeedUITests.xctest */ = {isa = PBXFileReference; explicitFileType = wrapper.cfbundle; includeInIndex = 0; path = PolyFeedUITests.xctest; sourceTree = BUILT_PRODUCTS_DIR; };
/* End PBXFileReference section */

/* Begin PBXFileSystemSynchronizedRootGroup section */
		DE8DD04C306F9D8C003FAB52 /* PolyFeed */ = {
			isa = PBXFileSystemSynchronizedRootGroup;
			path = PolyFeed;
			sourceTree = "<group>";
		};
		DE8DD05A306F9D8D003FAB52 /* PolyFeedTests */ = {
			isa = PBXFileSystemSynchronizedRootGroup;
			path = PolyFeedTests;
			sourceTree = "<group>";
		};
		DE8DD064306F9D8D003FAB52 /* PolyFeedUITests */ = {
			isa = PBXFileSystemSynchronizedRootGroup;
			path = PolyFeedUITests;
			sourceTree = "<group>";
		};
/* End PBXFileSystemSynchronizedRootGroup section */

/* Begin PBXFrameworksBuildPhase section */
		DE8DD047306F9D8C003FAB52 /* Frameworks */ = {
			isa = PBXFrameworksBuildPhase;
			files = (
			);
		};
		DE8DD054306F9D8D003FAB52 /* Frameworks */ = {
			isa = PBXFrameworksBuildPhase;
			files = (
			);
		};
		DE8DD05E306F9D8D003FAB52 /* Frameworks */ = {
			isa = PBXFrameworksBuildPhase;
			files = (
			);
		};
/* End PBXFrameworksBuildPhase section */

/* Begin PBXGroup section */
		DE8DD041306F9D8C003FAB52 = {
			isa = PBXGroup;
			children = (
				DE8DD04C306F9D8C003FAB52 /* PolyFeed */,
				DE8DD05A306F9D8D003FAB52 /* PolyFeedTests */,
				DE8DD064306F9D8D003FAB52 /* PolyFeedUITests */,
				DE8DD04B306F9D8C003FAB52 /* Products */,
			);
			sourceTree = "<group>";
		};
		DE8DD04B306F9D8C003FAB52 /* Products */ = {
			isa = PBXGroup;
			children = (
				DE8DD04A306F9D8C003FAB52 /* PolyFeed.app */,
				DE8DD057306F9D8D003FAB52 /* PolyFeedTests.xctest */,
				DE8DD061306F9D8D003FAB52 /* PolyFeedUITests.xctest */,
			);
			name = Products;
			sourceTree = "<group>";
		};
/* End PBXGroup section */

/* Begin PBXNativeTarget section */
		DE8DD049306F9D8C003FAB52 /* PolyFeed */ = {
			isa = PBXNativeTarget;
			buildConfigurationList = DE8DD069306F9D8D003FAB52 /* Build configuration list for PBXNativeTarget "PolyFeed" */;
			buildPhases = (
				DE8DD046306F9D8C003FAB52 /* Sources */,
				DE8DD047306F9D8C003FAB52 /* Frameworks */,
				DE8DD048306F9D8C003FAB52 /* Resources */,
			);
			buildRules = (
			);
			fileSystemSynchronizedGroups = (
				DE8DD04C306F9D8C003FAB52 /* PolyFeed */,
			);
			name = PolyFeed;
			productName = PolyFeed;
			productReference = DE8DD04A306F9D8C003FAB52 /* PolyFeed.app */;
			productType = "com.apple.product-type.application";
		};
		DE8DD056306F9D8D003FAB52 /* PolyFeedTests */ = {
			isa = PBXNativeTarget;
			buildConfigurationList = DE8DD06C306F9D8D003FAB52 /* Build configuration list for PBXNativeTarget "PolyFeedTests" */;
			buildPhases = (
				DE8DD053306F9D8D003FAB52 /* Sources */,
				DE8DD054306F9D8D003FAB52 /* Frameworks */,
				DE8DD055306F9D8D003FAB52 /* Resources */,
			);
			buildRules = (
			);
			dependencies = (
				DE8DD059306F9D8D003FAB52 /* PBXTargetDependency */,
			);
			fileSystemSynchronizedGroups = (
				DE8DD05A306F9D8D003FAB52 /* PolyFeedTests */,
			);
			name = PolyFeedTests;
			productName = PolyFeedTests;
			productReference = DE8DD057306F9D8D003FAB52 /* PolyFeedTests.xctest */;
			productType = "com.apple.product-type.bundle.unit-test";
		};
		DE8DD060306F9D8D003FAB52 /* PolyFeedUITests */ = {
			isa = PBXNativeTarget;
			buildConfigurationList = DE8DD06F306F9D8D003FAB52 /* Build configuration list for PBXNativeTarget "PolyFeedUITests" */;
			buildPhases = (
				DE8DD05D306F9D8D003FAB52 /* Sources */,
				DE8DD05E306F9D8D003FAB52 /* Frameworks */,
				DE8DD05F306F9D8D003FAB52 /* Resources */,
			);
			buildRules = (
			);
			dependencies = (
				DE8DD063306F9D8D003FAB52 /* PBXTargetDependency */,
			);
			fileSystemSynchronizedGroups = (
				DE8DD064306F9D8D003FAB52 /* PolyFeedUITests */,
			);
			name = PolyFeedUITests;
			productName = PolyFeedUITests;
			productReference = DE8DD061306F9D8D003FAB52 /* PolyFeedUITests.xctest */;
			productType = "com.apple.product-type.bundle.ui-testing";
		};
/* End PBXNativeTarget section */

/* Begin PBXProject section */
		DE8DD042306F9D8C003FAB52 /* Project object */ = {
			isa = PBXProject;
			attributes = {
				BuildIndependentTargetsInParallel = 1;
				LastSwiftUpdateCheck = 2700;
				LastUpgradeCheck = 2700;
				TargetAttributes = {
					DE8DD049306F9D8C003FAB52 = {
						CreatedOnToolsVersion = 27.0;
					};
					DE8DD056306F9D8D003FAB52 = {
						CreatedOnToolsVersion = 27.0;
						TestTargetID = DE8DD049306F9D8C003FAB52;
					};
					DE8DD060306F9D8D003FAB52 = {
						CreatedOnToolsVersion = 27.0;
						TestTargetID = DE8DD049306F9D8C003FAB52;
					};
				};
			};
			buildConfigurationList = DE8DD045306F9D8C003FAB52 /* Build configuration list for PBXProject "PolyFeed" */;
			developmentRegion = en;
			hasScannedForEncodings = 0;
			knownRegions = (
				en,
				Base,
			);
			mainGroup = DE8DD041306F9D8C003FAB52;
			minimizedProjectReferenceProxies = 1;
			preferredProjectObjectVersion = 77;
			productRefGroup = DE8DD04B306F9D8C003FAB52 /* Products */;
			projectDirPath = "";
			projectRoot = "";
			targets = (
				DE8DD049306F9D8C003FAB52 /* PolyFeed */,
				DE8DD056306F9D8D003FAB52 /* PolyFeedTests */,
				DE8DD060306F9D8D003FAB52 /* PolyFeedUITests */,
			);
		};
/* End PBXProject section */

/* Begin PBXResourcesBuildPhase section */
		DE8DD048306F9D8C003FAB52 /* Resources */ = {
			isa = PBXResourcesBuildPhase;
			files = (
			);
		};
		DE8DD055306F9D8D003FAB52 /* Resources */ = {
			isa = PBXResourcesBuildPhase;
			files = (
			);
		};
		DE8DD05F306F9D8D003FAB52 /* Resources */ = {
			isa = PBXResourcesBuildPhase;
			files = (
			);
		};
/* End PBXResourcesBuildPhase section */

/* Begin PBXSourcesBuildPhase section */
		DE8DD046306F9D8C003FAB52 /* Sources */ = {
			isa = PBXSourcesBuildPhase;
			files = (
			);
		};
		DE8DD053306F9D8D003FAB52 /* Sources */ = {
			isa = PBXSourcesBuildPhase;
			files = (
			);
		};
		DE8DD05D306F9D8D003FAB52 /* Sources */ = {
			isa = PBXSourcesBuildPhase;
			files = (
			);
		};
/* End PBXSourcesBuildPhase section */

/* Begin PBXTargetDependency section */
		DE8DD059306F9D8D003FAB52 /* PBXTargetDependency */ = {
			isa = PBXTargetDependency;
			target = DE8DD049306F9D8C003FAB52 /* PolyFeed */;
			targetProxy = DE8DD058306F9D8D003FAB52 /* PBXContainerItemProxy */;
		};
		DE8DD063306F9D8D003FAB52 /* PBXTargetDependency */ = {
			isa = PBXTargetDependency;
			target = DE8DD049306F9D8C003FAB52 /* PolyFeed */;
			targetProxy = DE8DD062306F9D8D003FAB52 /* PBXContainerItemProxy */;
		};
/* End PBXTargetDependency section */

/* Begin XCBuildConfiguration section */
		DE8DD067306F9D8D003FAB52 /* Debug configuration for PBXProject "PolyFeed" */ = {
			isa = XCBuildConfiguration;
			buildSettings = {
				ALWAYS_SEARCH_USER_PATHS = NO;
				ASSETCATALOG_COMPILER_GENERATE_SWIFT_ASSET_SYMBOL_EXTENSIONS = YES;
				CLANG_ANALYZER_NONNULL = YES;
				CLANG_ANALYZER_NUMBER_OBJECT_CONVERSION = YES_AGGRESSIVE;
				CLANG_CXX_LANGUAGE_STANDARD = "gnu++20";
				CLANG_ENABLE_MODULES = YES;
				CLANG_ENABLE_OBJC_ARC = YES;
				CLANG_ENABLE_OBJC_WEAK = YES;
				CLANG_WARN_BLOCK_CAPTURE_AUTORELEASING = YES;
				CLANG_WARN_BOOL_CONVERSION = YES;
				CLANG_WARN_COMMA = YES;
				CLANG_WARN_CONSTANT_CONVERSION = YES;
				CLANG_WARN_DEPRECATED_OBJC_IMPLEMENTATIONS = YES;
				CLANG_WARN_DIRECT_OBJC_ISA_USAGE = YES_ERROR;
				CLANG_WARN_DOCUMENTATION_COMMENTS = YES;
				CLANG_WARN_EMPTY_BODY = YES;
				CLANG_WARN_ENUM_CONVERSION = YES;
				CLANG_WARN_INFINITE_RECURSION = YES;
				CLANG_WARN_INT_CONVERSION = YES;
				CLANG_WARN_NON_LITERAL_NULL_CONVERSION = YES;
				CLANG_WARN_OBJC_IMPLICIT_RETAIN_SELF = YES;
				CLANG_WARN_OBJC_LITERAL_CONVERSION = YES;
				CLANG_WARN_OBJC_ROOT_CLASS = YES_ERROR;
				CLANG_WARN_QUOTED_INCLUDE_IN_FRAMEWORK_HEADER = YES;
				CLANG_WARN_RANGE_LOOP_ANALYSIS = YES;
				CLANG_WARN_STRICT_PROTOTYPES = YES;
				CLANG_WARN_SUSPICIOUS_MOVE = YES;
				CLANG_WARN_UNGUARDED_AVAILABILITY = YES_AGGRESSIVE;
				CLANG_WARN_UNREACHABLE_CODE = YES;
				CLANG_WARN__DUPLICATE_METHOD_MATCH = YES;
				COPY_PHASE_STRIP = NO;
				DEBUG_INFORMATION_FORMAT = dwarf;
				DEVELOPMENT_TEAM = B864A438ZP;
				ENABLE_STRICT_OBJC_MSGSEND = YES;
				ENABLE_TESTABILITY = YES;
				ENABLE_USER_SCRIPT_SANDBOXING = YES;
				GCC_C_LANGUAGE_STANDARD = gnu17;
				GCC_DYNAMIC_NO_PIC = NO;
				GCC_NO_COMMON_BLOCKS = YES;
				GCC_OPTIMIZATION_LEVEL = 0;
				GCC_PREPROCESSOR_DEFINITIONS = (
					"DEBUG=1",
					"$(inherited)",
				);
				GCC_WARN_64_TO_32_BIT_CONVERSION = YES;
				GCC_WARN_ABOUT_RETURN_TYPE = YES_ERROR;
				GCC_WARN_UNDECLARED_SELECTOR = YES;
				GCC_WARN_UNINITIALIZED_AUTOS = YES_AGGRESSIVE;
				GCC_WARN_UNUSED_FUNCTION = YES;
				GCC_WARN_UNUSED_VARIABLE = YES;
				IPHONEOS_DEPLOYMENT_TARGET = 27.0;
				LOCALIZATION_PREFERS_STRING_CATALOGS = YES;
				MTL_ENABLE_DEBUG_INFO = INCLUDE_SOURCE;
				MTL_FAST_MATH = YES;
				ONLY_ACTIVE_ARCH = YES;
				SDKROOT = iphoneos;
				SWIFT_ACTIVE_COMPILATION_CONDITIONS = "DEBUG $(inherited)";
				SWIFT_OPTIMIZATION_LEVEL = "-Onone";
			};
			name = Debug;
		};
		DE8DD068306F9D8D003FAB52 /* Release configuration for PBXProject "PolyFeed" */ = {
			isa = XCBuildConfiguration;
			buildSettings = {
				ALWAYS_SEARCH_USER_PATHS = NO;
				ASSETCATALOG_COMPILER_GENERATE_SWIFT_ASSET_SYMBOL_EXTENSIONS = YES;
				CLANG_ANALYZER_NONNULL = YES;
				CLANG_ANALYZER_NUMBER_OBJECT_CONVERSION = YES_AGGRESSIVE;
				CLANG_CXX_LANGUAGE_STANDARD = "gnu++20";
				CLANG_ENABLE_MODULES = YES;
				CLANG_ENABLE_OBJC_ARC = YES;
				CLANG_ENABLE_OBJC_WEAK = YES;
				CLANG_WARN_BLOCK_CAPTURE_AUTORELEASING = YES;
				CLANG_WARN_BOOL_CONVERSION = YES;
				CLANG_WARN_COMMA = YES;
				CLANG_WARN_CONSTANT_CONVERSION = YES;
				CLANG_WARN_DEPRECATED_OBJC_IMPLEMENTATIONS = YES;
				CLANG_WARN_DIRECT_OBJC_ISA_USAGE = YES_ERROR;
				CLANG_WARN_DOCUMENTATION_COMMENTS = YES;
				CLANG_WARN_EMPTY_BODY = YES;
				CLANG_WARN_ENUM_CONVERSION = YES;
				CLANG_WARN_INFINITE_RECURSION = YES;
				CLANG_WARN_INT_CONVERSION = YES;
				CLANG_WARN_NON_LITERAL_NULL_CONVERSION = YES;
				CLANG_WARN_OBJC_IMPLICIT_RETAIN_SELF = YES;
				CLANG_WARN_OBJC_LITERAL_CONVERSION = YES;
				CLANG_WARN_OBJC_ROOT_CLASS = YES_ERROR;
				CLANG_WARN_QUOTED_INCLUDE_IN_FRAMEWORK_HEADER = YES;
				CLANG_WARN_RANGE_LOOP_ANALYSIS = YES;
				CLANG_WARN_STRICT_PROTOTYPES = YES;
				CLANG_WARN_SUSPICIOUS_MOVE = YES;
				CLANG_WARN_UNGUARDED_AVAILABILITY = YES_AGGRESSIVE;
				CLANG_WARN_UNREACHABLE_CODE = YES;
				CLANG_WARN__DUPLICATE_METHOD_MATCH = YES;
				COPY_PHASE_STRIP = NO;
				DEBUG_INFORMATION_FORMAT = "dwarf-with-dsym";
				DEVELOPMENT_TEAM = B864A438ZP;
				ENABLE_NS_ASSERTIONS = NO;
				ENABLE_STRICT_OBJC_MSGSEND = YES;
				ENABLE_USER_SCRIPT_SANDBOXING = YES;
				GCC_C_LANGUAGE_STANDARD = gnu17;
				GCC_NO_COMMON_BLOCKS = YES;
				GCC_WARN_64_TO_32_BIT_CONVERSION = YES;
				GCC_WARN_ABOUT_RETURN_TYPE = YES_ERROR;
				GCC_WARN_UNDECLARED_SELECTOR = YES;
				GCC_WARN_UNINITIALIZED_AUTOS = YES_AGGRESSIVE;
				GCC_WARN_UNUSED_FUNCTION = YES;
				GCC_WARN_UNUSED_VARIABLE = YES;
				IPHONEOS_DEPLOYMENT_TARGET = 27.0;
				LOCALIZATION_PREFERS_STRING_CATALOGS = YES;
				MTL_ENABLE_DEBUG_INFO = NO;
				MTL_FAST_MATH = YES;
				SDKROOT = iphoneos;
				SWIFT_COMPILATION_MODE = wholemodule;
				VALIDATE_PRODUCT = YES;
			};
			name = Release;
		};
		DE8DD06A306F9D8D003FAB52 /* Debug configuration for PBXNativeTarget "PolyFeed" */ = {
			isa = XCBuildConfiguration;
			buildSettings = {
				ASSETCATALOG_COMPILER_APPICON_NAME = AppIcon;
				ASSETCATALOG_COMPILER_GLOBAL_ACCENT_COLOR_NAME = AccentColor;
				CODE_SIGN_STYLE = Automatic;
				CURRENT_PROJECT_VERSION = 1;
				DEVELOPMENT_TEAM = B864A438ZP;
				ENABLE_PREVIEWS = YES;
				GENERATE_INFOPLIST_FILE = YES;
				INFOPLIST_KEY_UIApplicationSceneManifest_Generation = YES;
				INFOPLIST_KEY_UIApplicationSupportsIndirectInputEvents = YES;
				INFOPLIST_KEY_UILaunchScreen_Generation = YES;
				INFOPLIST_KEY_UISupportedInterfaceOrientations_iPad = "UIInterfaceOrientationPortrait UIInterfaceOrientationPortraitUpsideDown UIInterfaceOrientationLandscapeLeft UIInterfaceOrientationLandscapeRight";
				INFOPLIST_KEY_UISupportedInterfaceOrientations_iPhone = "UIInterfaceOrientationPortrait UIInterfaceOrientationLandscapeLeft UIInterfaceOrientationLandscapeRight";
				LD_RUNPATH_SEARCH_PATHS = (
					"$(inherited)",
					"@executable_path/Frameworks",
				);
				MARKETING_VERSION = 1.0;
				PRODUCT_BUNDLE_IDENTIFIER = com.sultanmyrza.polyfeed;
				PRODUCT_NAME = "$(TARGET_NAME)";
				STRING_CATALOG_GENERATE_SYMBOLS = YES;
				SWIFT_APPROACHABLE_CONCURRENCY = YES;
				SWIFT_DEFAULT_ACTOR_ISOLATION = MainActor;
				SWIFT_EMIT_LOC_STRINGS = YES;
				SWIFT_UPCOMING_FEATURE_MEMBER_IMPORT_VISIBILITY = YES;
				SWIFT_VERSION = 5.0;
				TARGETED_DEVICE_FAMILY = "1,2";
			};
			name = Debug;
		};
		DE8DD06B306F9D8D003FAB52 /* Release configuration for PBXNativeTarget "PolyFeed" */ = {
			isa = XCBuildConfiguration;
			buildSettings = {
				ASSETCATALOG_COMPILER_APPICON_NAME = AppIcon;
				ASSETCATALOG_COMPILER_GLOBAL_ACCENT_COLOR_NAME = AccentColor;
				CODE_SIGN_STYLE = Automatic;
				CURRENT_PROJECT_VERSION = 1;
				DEVELOPMENT_TEAM = B864A438ZP;
				ENABLE_PREVIEWS = YES;
				GENERATE_INFOPLIST_FILE = YES;
				INFOPLIST_KEY_UIApplicationSceneManifest_Generation = YES;
				INFOPLIST_KEY_UIApplicationSupportsIndirectInputEvents = YES;
				INFOPLIST_KEY_UILaunchScreen_Generation = YES;
				INFOPLIST_KEY_UISupportedInterfaceOrientations_iPad = "UIInterfaceOrientationPortrait UIInterfaceOrientationPortraitUpsideDown UIInterfaceOrientationLandscapeLeft UIInterfaceOrientationLandscapeRight";
				INFOPLIST_KEY_UISupportedInterfaceOrientations_iPhone = "UIInterfaceOrientationPortrait UIInterfaceOrientationLandscapeLeft UIInterfaceOrientationLandscapeRight";
				LD_RUNPATH_SEARCH_PATHS = (
					"$(inherited)",
					"@executable_path/Frameworks",
				);
				MARKETING_VERSION = 1.0;
				PRODUCT_BUNDLE_IDENTIFIER = com.sultanmyrza.polyfeed;
				PRODUCT_NAME = "$(TARGET_NAME)";
				STRING_CATALOG_GENERATE_SYMBOLS = YES;
				SWIFT_APPROACHABLE_CONCURRENCY = YES;
				SWIFT_DEFAULT_ACTOR_ISOLATION = MainActor;
				SWIFT_EMIT_LOC_STRINGS = YES;
				SWIFT_UPCOMING_FEATURE_MEMBER_IMPORT_VISIBILITY = YES;
				SWIFT_VERSION = 5.0;
				TARGETED_DEVICE_FAMILY = "1,2";
			};
			name = Release;
		};
		DE8DD06D306F9D8D003FAB52 /* Debug configuration for PBXNativeTarget "PolyFeedTests" */ = {
			isa = XCBuildConfiguration;
			buildSettings = {
				BUNDLE_LOADER = "$(TEST_HOST)";
				CODE_SIGN_STYLE = Automatic;
				CURRENT_PROJECT_VERSION = 1;
				DEVELOPMENT_TEAM = B864A438ZP;
				GENERATE_INFOPLIST_FILE = YES;
				IPHONEOS_DEPLOYMENT_TARGET = 27.0;
				MARKETING_VERSION = 1.0;
				PRODUCT_BUNDLE_IDENTIFIER = xyz.wodeapp.PolyFeedTests;
				PRODUCT_NAME = "$(TARGET_NAME)";
				STRING_CATALOG_GENERATE_SYMBOLS = NO;
				SWIFT_APPROACHABLE_CONCURRENCY = YES;
				SWIFT_EMIT_LOC_STRINGS = NO;
				SWIFT_UPCOMING_FEATURE_MEMBER_IMPORT_VISIBILITY = YES;
				SWIFT_VERSION = 5.0;
				TARGETED_DEVICE_FAMILY = "1,2";
				TEST_HOST = "$(BUILT_PRODUCTS_DIR)/PolyFeed.app/$(BUNDLE_EXECUTABLE_FOLDER_PATH)/PolyFeed";
			};
			name = Debug;
		};
		DE8DD06E306F9D8D003FAB52 /* Release configuration for PBXNativeTarget "PolyFeedTests" */ = {
			isa = XCBuildConfiguration;
			buildSettings = {
				BUNDLE_LOADER = "$(TEST_HOST)";
				CODE_SIGN_STYLE = Automatic;
				CURRENT_PROJECT_VERSION = 1;
				DEVELOPMENT_TEAM = B864A438ZP;
				GENERATE_INFOPLIST_FILE = YES;
				IPHONEOS_DEPLOYMENT_TARGET = 27.0;
				MARKETING_VERSION = 1.0;
				PRODUCT_BUNDLE_IDENTIFIER = xyz.wodeapp.PolyFeedTests;
				PRODUCT_NAME = "$(TARGET_NAME)";
				STRING_CATALOG_GENERATE_SYMBOLS = NO;
				SWIFT_APPROACHABLE_CONCURRENCY = YES;
				SWIFT_EMIT_LOC_STRINGS = NO;
				SWIFT_UPCOMING_FEATURE_MEMBER_IMPORT_VISIBILITY = YES;
				SWIFT_VERSION = 5.0;
				TARGETED_DEVICE_FAMILY = "1,2";
				TEST_HOST = "$(BUILT_PRODUCTS_DIR)/PolyFeed.app/$(BUNDLE_EXECUTABLE_FOLDER_PATH)/PolyFeed";
			};
			name = Release;
		};
		DE8DD070306F9D8D003FAB52 /* Debug configuration for PBXNativeTarget "PolyFeedUITests" */ = {
			isa = XCBuildConfiguration;
			buildSettings = {
				CODE_SIGN_STYLE = Automatic;
				CURRENT_PROJECT_VERSION = 1;
				DEVELOPMENT_TEAM = B864A438ZP;
				GENERATE_INFOPLIST_FILE = YES;
				MARKETING_VERSION = 1.0;
				PRODUCT_BUNDLE_IDENTIFIER = xyz.wodeapp.PolyFeedUITests;
				PRODUCT_NAME = "$(TARGET_NAME)";
				STRING_CATALOG_GENERATE_SYMBOLS = NO;
				SWIFT_APPROACHABLE_CONCURRENCY = YES;
				SWIFT_EMIT_LOC_STRINGS = NO;
				SWIFT_UPCOMING_FEATURE_MEMBER_IMPORT_VISIBILITY = YES;
				SWIFT_VERSION = 5.0;
				TARGETED_DEVICE_FAMILY = "1,2";
				TEST_TARGET_NAME = PolyFeed;
			};
			name = Debug;
		};
		DE8DD071306F9D8D003FAB52 /* Release configuration for PBXNativeTarget "PolyFeedUITests" */ = {
			isa = XCBuildConfiguration;
			buildSettings = {
				CODE_SIGN_STYLE = Automatic;
				CURRENT_PROJECT_VERSION = 1;
				DEVELOPMENT_TEAM = B864A438ZP;
				GENERATE_INFOPLIST_FILE = YES;
				MARKETING_VERSION = 1.0;
				PRODUCT_BUNDLE_IDENTIFIER = xyz.wodeapp.PolyFeedUITests;
				PRODUCT_NAME = "$(TARGET_NAME)";
				STRING_CATALOG_GENERATE_SYMBOLS = NO;
				SWIFT_APPROACHABLE_CONCURRENCY = YES;
				SWIFT_EMIT_LOC_STRINGS = NO;
				SWIFT_UPCOMING_FEATURE_MEMBER_IMPORT_VISIBILITY = YES;
				SWIFT_VERSION = 5.0;
				TARGETED_DEVICE_FAMILY = "1,2";
				TEST_TARGET_NAME = PolyFeed;
			};
			name = Release;
		};
/* End XCBuildConfiguration section */

/* Begin XCConfigurationList section */
		DE8DD045306F9D8C003FAB52 /* Build configuration list for PBXProject "PolyFeed" */ = {
			isa = XCConfigurationList;
			buildConfigurations = (
				DE8DD067306F9D8D003FAB52 /* Debug configuration for PBXProject "PolyFeed" */,
				DE8DD068306F9D8D003FAB52 /* Release configuration for PBXProject "PolyFeed" */,
			);
			defaultConfigurationName = Release;
		};
		DE8DD069306F9D8D003FAB52 /* Build configuration list for PBXNativeTarget "PolyFeed" */ = {
			isa = XCConfigurationList;
			buildConfigurations = (
				DE8DD06A306F9D8D003FAB52 /* Debug configuration for PBXNativeTarget "PolyFeed" */,
				DE8DD06B306F9D8D003FAB52 /* Release configuration for PBXNativeTarget "PolyFeed" */,
			);
			defaultConfigurationName = Release;
		};
		DE8DD06C306F9D8D003FAB52 /* Build configuration list for PBXNativeTarget "PolyFeedTests" */ = {
			isa = XCConfigurationList;
			buildConfigurations = (
				DE8DD06D306F9D8D003FAB52 /* Debug configuration for PBXNativeTarget "PolyFeedTests" */,
				DE8DD06E306F9D8D003FAB52 /* Release configuration for PBXNativeTarget "PolyFeedTests" */,
			);
			defaultConfigurationName = Release;
		};
		DE8DD06F306F9D8D003FAB52 /* Build configuration list for PBXNativeTarget "PolyFeedUITests" */ = {
			isa = XCConfigurationList;
			buildConfigurations = (
				DE8DD070306F9D8D003FAB52 /* Debug configuration for PBXNativeTarget "PolyFeedUITests" */,
				DE8DD071306F9D8D003FAB52 /* Release configuration for PBXNativeTarget "PolyFeedUITests" */,
			);
			defaultConfigurationName = Release;
		};
/* End XCConfigurationList section */
	};
	rootObject = DE8DD042306F9D8C003FAB52 /* Project object */;
	validationLevel = 1;
}
